
Microsoft Visual Studio Solution File, Format Version 12.00
# Visual Studio 15
VisualStudioVersion = 15.0.28010.2003
MinimumVisualStudioVersion = 10.0.40219.1
Project("{8BC9CEB8-8B4A-11D0-8D11-00A0C91BC942}") = "aba 3 2v", "aba 3 2v.vcxproj", "{205084FB-0022-4B41-B568-46CA6DF10D12}"
EndProject
Global
	GlobalSection(SolutionConfigurationPlatforms) = preSolution
		Debug|x64 = Debug|x64
		Debug|x86 = Debug|x86
		Release|x64 = Release|x64
		Release|x86 = Release|x86
	EndGlobalSection
	GlobalSection(ProjectConfigurationPlatforms) = postSolution
		{205084FB-0022-4B41-B568-46CA6DF10D12}.Debug|x64.ActiveCfg = Debug|x64
		{205084FB-0022-4B41-B568-46CA6DF10D12}.Debug|x64.Build.0 = Debug|x64
		{205084FB-0022-4B41-B568-46CA6DF10D12}.Debug|x86.ActiveCfg = Debug|Win32
		{205084FB-0022-4B41-B568-46CA6DF10D12}.Debug|x86.Build.0 = Debug|Win32
		{205084FB-0022-4B41-B568-46CA6DF10D12}.Release|x64.ActiveCfg = Release|x64
		{205084FB-0022-4B41-B568-46CA6DF10D12}.Release|x64.Build.0 = Release|x64
		{205084FB-0022-4B41-B568-46CA6DF10D12}.Release|x86.ActiveCfg = Release|Win32
		{205084FB-0022-4B41-B568-46CA6DF10D12}.Release|x86.Build.0 = Release|Win32
	EndGlobalSection
	GlobalSection(SolutionProperties) = preSolution
		HideSolutionNode = FALSE
	EndGlobalSection
	GlobalSection(ExtensibilityGlobals) = postSolution
		SolutionGuid = {F2381B32-B7E1-4DF1-86A0-DD505AE984E6}
	EndGlobalSection
EndGlobal
